{
  "nodes": {
    "flake-compat": {
      "flake": false,
      "locked": {
        "lastModified": 1673956053,
        "narHash": "sha256-4gtG9iQuiKITOjNQQeQIpoIB6b16fm+504Ch3sNKLd8=",
        "owner": "edolstra",
        "repo": "flake-compat",
        "rev": "35bb57c0c8d8b62bbfd284272c928ceb64ddbde9",
        "type": "github"
      },
      "original": {
        "owner": "edolstra",
        "repo": "flake-compat",
        "type": "github"
      }
    },
    "flake-utils": {
      "locked": {
        "lastModified": 1676283394,
        "narHash": "sha256-XX2f9c3iySLCw54rJ/CZs+ZK6IQy7GXNY4nSOyu2QG4=",
        "owner": "numtide",
        "repo": "flake-utils",
        "rev": "3db36a8b464d0c4532ba1c7dda728f4576d6d073",
        "type": "github"
      },
      "original": {
        "owner": "numtide",
        "repo": "flake-utils",
        "type": "github"
      }
    },
    "flake-utils_2": {
      "locked": {
        "lastModified": 1667395993,
        "narHash": "sha256-nuEHfE/LcWyuSWnS8t12N1wc105Qtau+/OdUAjtQ0rA=",
        "owner": "numtide",
        "repo": "flake-utils",
        "rev": "5aed5285a952e0b949eb3ba02c12fa4fcfef535f",
        "type": "github"
      },
      "original": {
        "owner": "numtide",
        "repo": "flake-utils",
        "type": "github"
      }
    },
    "flake-utils_3": {
      "locked": {
        "lastModified": 1667395993,
        "narHash": "sha256-nuEHfE/LcWyuSWnS8t12N1wc105Qtau+/OdUAjtQ0rA=",
        "owner": "numtide",
        "repo": "flake-utils",
        "rev": "5aed5285a952e0b949eb3ba02c12fa4fcfef535f",
        "type": "github"
      },
      "original": {
        "owner": "numtide",
        "repo": "flake-utils",
        "type": "github"
      }
    },
    "flake-utils_4": {
      "locked": {
        "lastModified": 1667395993,
        "narHash": "sha256-nuEHfE/LcWyuSWnS8t12N1wc105Qtau+/OdUAjtQ0rA=",
        "owner": "numtide",
        "repo": "flake-utils",
        "rev": "5aed5285a952e0b949eb3ba02c12fa4fcfef535f",
        "type": "github"
      },
      "original": {
        "owner": "numtide",
        "repo": "flake-utils",
        "type": "github"
      }
    },
    "flake-utils_5": {
      "locked": {
        "lastModified": 1667395993,
        "narHash": "sha256-nuEHfE/LcWyuSWnS8t12N1wc105Qtau+/OdUAjtQ0rA=",
        "owner": "numtide",
        "repo": "flake-utils",
        "rev": "5aed5285a952e0b949eb3ba02c12fa4fcfef535f",
        "type": "github"
      },
      "original": {
        "owner": "numtide",
        "repo": "flake-utils",
        "type": "github"
      }
    },
    "home-manager": {
      "inputs": {
        "nixpkgs": [
          "nixpkgs"
        ],
        "utils": "utils"
      },
      "locked": {
        "lastModified": 1677509389,
        "narHash": "sha256-ry4dkSjIO0WuEbIDpTFV0W2iq2S26kWCv7EX2vKOWEI=",
        "owner": "nix-community",
        "repo": "home-manager",
        "rev": "ab7c8f4a8427bfcaf01a46bab974298cc27bc1f5",
        "type": "github"
      },
      "original": {
        "owner": "nix-community",
        "repo": "home-manager",
        "type": "github"
      }
    },
    "home-manager_2": {
      "inputs": {
        "nixpkgs": [
          "my-modules",
          "nixpkgs"
        ],
        "utils": "utils_2"
      },
      "locked": {
        "lastModified": 1674928308,
        "narHash": "sha256-elVU4NUZEl11BdT4gC+lrpLYM8Ccxqxs19Ix84HTI9o=",
        "owner": "nix-community",
        "repo": "home-manager",
        "rev": "08a778d80308353f4f65c9dcd3790b5da02d6306",
        "type": "github"
      },
      "original": {
        "owner": "nix-community",
        "repo": "home-manager",
        "type": "github"
      }
    },
    "my-modules": {
      "inputs": {
        "flake-utils": "flake-utils_2",
        "home-manager": "home-manager_2",
        "my-nvim": "my-nvim",
        "nixpkgs": "nixpkgs_2"
      },
      "locked": {
        "lastModified": 1675544489,
        "narHash": "sha256-xBJVZ80Qu8Ob2oBOqOy73StUuDYa3s4sUhAMxF3aod4=",
        "type": "git",
        "url": "file:///home/nixos/git/nixos-modules"
      },
      "original": {
        "type": "git",
        "url": "file:///home/nixos/git/nixos-modules"
      }
    },
    "my-nvim": {
      "inputs": {
        "flake-utils": "flake-utils_3",
        "nixpkgs": "nixpkgs"
      },
      "locked": {
        "lastModified": 1674934556,
        "narHash": "sha256-8xkrDMMDUsXhBSFKQj70XhZEfae5AlMHEf2Mvw5yzXU=",
        "owner": "marnyg",
        "repo": "nvim-conf",
        "rev": "e9b028429fd2769d2c90f94a6c3ce649560979cd",
        "type": "github"
      },
      "original": {
        "owner": "marnyg",
        "repo": "nvim-conf",
        "type": "github"
      }
    },
    "my-nvim_2": {
      "inputs": {
        "flake-utils": "flake-utils_4",
        "nixpkgs": "nixpkgs_3"
      },
      "locked": {
        "lastModified": 1674934556,
        "narHash": "sha256-8xkrDMMDUsXhBSFKQj70XhZEfae5AlMHEf2Mvw5yzXU=",
        "owner": "marnyg",
        "repo": "nvim-conf",
        "rev": "e9b028429fd2769d2c90f94a6c3ce649560979cd",
        "type": "github"
      },
      "original": {
        "owner": "marnyg",
        "repo": "nvim-conf",
        "type": "github"
      }
    },
    "nixos-wsl": {
      "inputs": {
        "flake-compat": "flake-compat",
        "flake-utils": "flake-utils_5",
        "nixpkgs": "nixpkgs_4"
      },
      "locked": {
        "lastModified": 1676381420,
        "narHash": "sha256-aDRnfGrk/xi7zkuterN78p8/wdM5Iy6vz74uqd/JFWw=",
        "owner": "nix-community",
        "repo": "NixOS-WSL",
        "rev": "4640199aeafcbb63cfbe8318bdf06f4402134f66",
        "type": "github"
      },
      "original": {
        "owner": "nix-community",
        "repo": "NixOS-WSL",
        "type": "github"
      }
    },
    "nixpkgs": {
      "locked": {
        "lastModified": 1674407282,
        "narHash": "sha256-2qwc8mrPINSFdWffPK+ji6nQ9aGnnZyHSItVcYDZDlk=",
        "owner": "NixOS",
        "repo": "nixpkgs",
        "rev": "ab1254087f4cdf4af74b552d7fc95175d9bdbb49",
        "type": "github"
      },
      "original": {
        "owner": "NixOS",
        "ref": "nixos-22.11",
        "repo": "nixpkgs",
        "type": "github"
      }
    },
    "nixpkgs_2": {
      "locked": {
        "lastModified": 1675061157,
        "narHash": "sha256-F7/F65ZFWbq7cKSiV3K2acxCv64jKaZZ/K0A3VNT2kA=",
        "owner": "NixOS",
        "repo": "nixpkgs",
        "rev": "f413457e0dd7a42adefdbcea4391dd9751509025",
        "type": "github"
      },
      "original": {
        "owner": "NixOS",
        "ref": "nixos-22.11",
        "repo": "nixpkgs",
        "type": "github"
      }
    },
    "nixpkgs_3": {
      "locked": {
        "lastModified": 1674407282,
        "narHash": "sha256-2qwc8mrPINSFdWffPK+ji6nQ9aGnnZyHSItVcYDZDlk=",
        "owner": "NixOS",
        "repo": "nixpkgs",
        "rev": "ab1254087f4cdf4af74b552d7fc95175d9bdbb49",
        "type": "github"
      },
      "original": {
        "owner": "NixOS",
        "ref": "nixos-22.11",
        "repo": "nixpkgs",
        "type": "github"
      }
    },
    "nixpkgs_4": {
      "locked": {
        "lastModified": 1675918889,
        "narHash": "sha256-hy7re4F9AEQqwZxubct7jBRos6md26bmxnCjxf5utJA=",
        "owner": "NixOS",
        "repo": "nixpkgs",
        "rev": "49efda9011e8cdcd6c1aad30384cb1dc230c82fe",
        "type": "github"
      },
      "original": {
        "owner": "NixOS",
        "ref": "nixos-22.11",
        "repo": "nixpkgs",
        "type": "github"
      }
    },
    "nixpkgs_5": {
      "locked": {
        "lastModified": 1677407201,
        "narHash": "sha256-3blwdI9o1BAprkvlByHvtEm5HAIRn/XPjtcfiunpY7s=",
        "owner": "nixos",
        "repo": "nixpkgs",
        "rev": "7f5639fa3b68054ca0b062866dc62b22c3f11505",
        "type": "github"
      },
      "original": {
        "owner": "nixos",
        "ref": "nixos-unstable",
        "repo": "nixpkgs",
        "type": "github"
      }
    },
    "nur": {
      "locked": {
        "lastModified": 1677516954,
        "narHash": "sha256-14ZNKbEwLNiWOAcE3PgWPFzpTUztpxEX9GH2QgIC8DA=",
        "owner": "nix-community",
        "repo": "NUR",
        "rev": "95e5b3b4b68a5abe3f19e647f34107ff9fe26c30",
        "type": "github"
      },
      "original": {
        "owner": "nix-community",
        "repo": "NUR",
        "type": "github"
      }
    },
    "root": {
      "inputs": {
        "flake-utils": "flake-utils",
        "home-manager": "home-manager",
        "my-modules": "my-modules",
        "my-nvim": "my-nvim_2",
        "nixos-wsl": "nixos-wsl",
        "nixpkgs": "nixpkgs_5",
        "nur": "nur"
      }
    },
    "utils": {
      "locked": {
        "lastModified": 1667395993,
        "narHash": "sha256-nuEHfE/LcWyuSWnS8t12N1wc105Qtau+/OdUAjtQ0rA=",
        "owner": "numtide",
        "repo": "flake-utils",
        "rev": "5aed5285a952e0b949eb3ba02c12fa4fcfef535f",
        "type": "github"
      },
      "original": {
        "owner": "numtide",
        "repo": "flake-utils",
        "type": "github"
      }
    },
    "utils_2": {
      "locked": {
        "lastModified": 1667395993,
        "narHash": "sha256-nuEHfE/LcWyuSWnS8t12N1wc105Qtau+/OdUAjtQ0rA=",
        "owner": "numtide",
        "repo": "flake-utils",
        "rev": "5aed5285a952e0b949eb3ba02c12fa4fcfef535f",
        "type": "github"
      },
      "original": {
        "owner": "numtide",
        "repo": "flake-utils",
        "type": "github"
      }
    }
  },
  "root": "root",
  "version": 7
}
